
Microsoft Visual Studio Solution File, Format Version 12.00
# Visual Studio 15
VisualStudioVersion = 15.0.27130.2036
MinimumVisualStudioVersion = 10.0.40219.1
Project("{9A19103F-16F7-4668-BE54-9A1E7A4F7556}") = "Viajanet.WebColeta", "Viajanet.WebColeta\Viajanet.WebColeta.csproj", "{2C837BD3-761B-4638-8B9E-3F532C16029E}"
EndProject
Project("{2150E333-8FDC-42A3-9474-1A3956D46DE8}") = "Coleta", "Coleta", "{99226775-EA87-4B53-AEEE-DD70EC832C38}"
EndProject
Project("{2150E333-8FDC-42A3-9474-1A3956D46DE8}") = "Consumidor", "Consumidor", "{0583D768-9C06-46D1-A973-8B69166ECCFC}"
EndProject
Project("{2150E333-8FDC-42A3-9474-1A3956D46DE8}") = "1 - Apresentação", "1 - Apresentação", "{7182B618-5161-4BB7-AECD-136C08962C75}"
EndProject
Project("{9A19103F-16F7-4668-BE54-9A1E7A4F7556}") = "Viajanet.Domain", "Viajanet.Domain\Viajanet.Domain.csproj", "{E10859B9-FB7D-44BE-8211-F5AE8011A935}"
EndProject
Project("{2150E333-8FDC-42A3-9474-1A3956D46DE8}") = "2 - Domain", "2 - Domain", "{0B6E3D6D-7EDE-4AAB-A452-C212C63FD05E}"
EndProject
Project("{2150E333-8FDC-42A3-9474-1A3956D46DE8}") = "3 - Services", "3 - Services", "{A06AF20F-310B-42CF-90D4-42B883CF0F3D}"
EndProject
Project("{9A19103F-16F7-4668-BE54-9A1E7A4F7556}") = "Viajanet.Services", "Viajanet.Services\Viajanet.Services.csproj", "{96372809-A2AA-4192-AA68-488BD3CB708E}"
EndProject
Project("{FAE04EC0-301F-11D3-BF4B-00C04F79EFBC}") = "ConsumerQueue", "ConsumerQueue\ConsumerQueue.csproj", "{169A125C-54C1-4D44-A8A0-B7BA7F7415F4}"
EndProject
Project("{2150E333-8FDC-42A3-9474-1A3956D46DE8}") = "1 - Apresentação", "1 - Apresentação", "{27225AE3-FAA7-46B4-958A-1D69E213F0C1}"
EndProject
Project("{2150E333-8FDC-42A3-9474-1A3956D46DE8}") = "3 - Services", "3 - Services", "{412BB0B7-2DE8-408D-9184-84E049586EE1}"
EndProject
Project("{FAE04EC0-301F-11D3-BF4B-00C04F79EFBC}") = "ConsumerQueue.Services", "ConsumerQueue.Services\ConsumerQueue.Services.csproj", "{8DC7EB0F-1DE6-4D34-B5AB-E30043C352A5}"
EndProject
Project("{2150E333-8FDC-42A3-9474-1A3956D46DE8}") = "2 - Domain", "2 - Domain", "{6F6A9868-2574-49F4-BFF7-B904E542802F}"
EndProject
Project("{FAE04EC0-301F-11D3-BF4B-00C04F79EFBC}") = "ConsumerQueue.Domain", "ConsumerQueue.Domain\ConsumerQueue.Domain.csproj", "{7ACCBF60-F40D-4E34-A2CB-4B32DE0DA179}"
EndProject
Project("{2150E333-8FDC-42A3-9474-1A3956D46DE8}") = "4 - Infra", "4 - Infra", "{192D29BF-D551-42EA-83EC-0694DBA43EB8}"
EndProject
Project("{FAE04EC0-301F-11D3-BF4B-00C04F79EFBC}") = "ConsumerQueue.Data", "ConsumerQueue.Data\ConsumerQueue.Data.csproj", "{BDDE7B9D-0B28-41D4-A713-11B9773DE38B}"
EndProject
Global
	GlobalSection(SolutionConfigurationPlatforms) = preSolution
		Debug|Any CPU = Debug|Any CPU
		Release|Any CPU = Release|Any CPU
	EndGlobalSection
	GlobalSection(ProjectConfigurationPlatforms) = postSolution
		{2C837BD3-761B-4638-8B9E-3F532C16029E}.Debug|Any CPU.ActiveCfg = Debug|Any CPU
		{2C837BD3-761B-4638-8B9E-3F532C16029E}.Debug|Any CPU.Build.0 = Debug|Any CPU
		{2C837BD3-761B-4638-8B9E-3F532C16029E}.Release|Any CPU.ActiveCfg = Release|Any CPU
		{2C837BD3-761B-4638-8B9E-3F532C16029E}.Release|Any CPU.Build.0 = Release|Any CPU
		{E10859B9-FB7D-44BE-8211-F5AE8011A935}.Debug|Any CPU.ActiveCfg = Debug|Any CPU
		{E10859B9-FB7D-44BE-8211-F5AE8011A935}.Debug|Any CPU.Build.0 = Debug|Any CPU
		{E10859B9-FB7D-44BE-8211-F5AE8011A935}.Release|Any CPU.ActiveCfg = Release|Any CPU
		{E10859B9-FB7D-44BE-8211-F5AE8011A935}.Release|Any CPU.Build.0 = Release|Any CPU
		{96372809-A2AA-4192-AA68-488BD3CB708E}.Debug|Any CPU.ActiveCfg = Debug|Any CPU
		{96372809-A2AA-4192-AA68-488BD3CB708E}.Debug|Any CPU.Build.0 = Debug|Any CPU
		{96372809-A2AA-4192-AA68-488BD3CB708E}.Release|Any CPU.ActiveCfg = Release|Any CPU
		{96372809-A2AA-4192-AA68-488BD3CB708E}.Release|Any CPU.Build.0 = Release|Any CPU
		{169A125C-54C1-4D44-A8A0-B7BA7F7415F4}.Debug|Any CPU.ActiveCfg = Debug|Any CPU
		{169A125C-54C1-4D44-A8A0-B7BA7F7415F4}.Debug|Any CPU.Build.0 = Debug|Any CPU
		{169A125C-54C1-4D44-A8A0-B7BA7F7415F4}.Release|Any CPU.ActiveCfg = Release|Any CPU
		{169A125C-54C1-4D44-A8A0-B7BA7F7415F4}.Release|Any CPU.Build.0 = Release|Any CPU
		{8DC7EB0F-1DE6-4D34-B5AB-E30043C352A5}.Debug|Any CPU.ActiveCfg = Debug|Any CPU
		{8DC7EB0F-1DE6-4D34-B5AB-E30043C352A5}.Debug|Any CPU.Build.0 = Debug|Any CPU
		{8DC7EB0F-1DE6-4D34-B5AB-E30043C352A5}.Release|Any CPU.ActiveCfg = Release|Any CPU
		{8DC7EB0F-1DE6-4D34-B5AB-E30043C352A5}.Release|Any CPU.Build.0 = Release|Any CPU
		{7ACCBF60-F40D-4E34-A2CB-4B32DE0DA179}.Debug|Any CPU.ActiveCfg = Debug|Any CPU
		{7ACCBF60-F40D-4E34-A2CB-4B32DE0DA179}.Debug|Any CPU.Build.0 = Debug|Any CPU
		{7ACCBF60-F40D-4E34-A2CB-4B32DE0DA179}.Release|Any CPU.ActiveCfg = Release|Any CPU
		{7ACCBF60-F40D-4E34-A2CB-4B32DE0DA179}.Release|Any CPU.Build.0 = Release|Any CPU
		{BDDE7B9D-0B28-41D4-A713-11B9773DE38B}.Debug|Any CPU.ActiveCfg = Debug|Any CPU
		{BDDE7B9D-0B28-41D4-A713-11B9773DE38B}.Debug|Any CPU.Build.0 = Debug|Any CPU
		{BDDE7B9D-0B28-41D4-A713-11B9773DE38B}.Release|Any CPU.ActiveCfg = Release|Any CPU
		{BDDE7B9D-0B28-41D4-A713-11B9773DE38B}.Release|Any CPU.Build.0 = Release|Any CPU
	EndGlobalSection
	GlobalSection(SolutionProperties) = preSolution
		HideSolutionNode = FALSE
	EndGlobalSection
	GlobalSection(NestedProjects) = preSolution
		{2C837BD3-761B-4638-8B9E-3F532C16029E} = {7182B618-5161-4BB7-AECD-136C08962C75}
		{7182B618-5161-4BB7-AECD-136C08962C75} = {99226775-EA87-4B53-AEEE-DD70EC832C38}
		{E10859B9-FB7D-44BE-8211-F5AE8011A935} = {0B6E3D6D-7EDE-4AAB-A452-C212C63FD05E}
		{0B6E3D6D-7EDE-4AAB-A452-C212C63FD05E} = {99226775-EA87-4B53-AEEE-DD70EC832C38}
		{A06AF20F-310B-42CF-90D4-42B883CF0F3D} = {99226775-EA87-4B53-AEEE-DD70EC832C38}
		{96372809-A2AA-4192-AA68-488BD3CB708E} = {A06AF20F-310B-42CF-90D4-42B883CF0F3D}
		{169A125C-54C1-4D44-A8A0-B7BA7F7415F4} = {27225AE3-FAA7-46B4-958A-1D69E213F0C1}
		{27225AE3-FAA7-46B4-958A-1D69E213F0C1} = {0583D768-9C06-46D1-A973-8B69166ECCFC}
		{412BB0B7-2DE8-408D-9184-84E049586EE1} = {0583D768-9C06-46D1-A973-8B69166ECCFC}
		{8DC7EB0F-1DE6-4D34-B5AB-E30043C352A5} = {412BB0B7-2DE8-408D-9184-84E049586EE1}
		{6F6A9868-2574-49F4-BFF7-B904E542802F} = {0583D768-9C06-46D1-A973-8B69166ECCFC}
		{7ACCBF60-F40D-4E34-A2CB-4B32DE0DA179} = {6F6A9868-2574-49F4-BFF7-B904E542802F}
		{192D29BF-D551-42EA-83EC-0694DBA43EB8} = {0583D768-9C06-46D1-A973-8B69166ECCFC}
		{BDDE7B9D-0B28-41D4-A713-11B9773DE38B} = {192D29BF-D551-42EA-83EC-0694DBA43EB8}
	EndGlobalSection
	GlobalSection(ExtensibilityGlobals) = postSolution
		SolutionGuid = {F711E220-CE20-4526-BD3A-367ED2A977DE}
	EndGlobalSection
EndGlobal
